
Microsoft Visual Studio Solution File, Format Version 12.00
# Visual Studio 15
VisualStudioVersion = 15.0.27703.2042
MinimumVisualStudioVersion = 10.0.40219.1
Project("{9A19103F-16F7-4668-BE54-9A1E7A4F7556}") = "Wikipedia.Core", "Wikipedia.Core\Wikipedia.Core.csproj", "{D0CC751A-80C4-4100-A205-677F534F9D1F}"
EndProject
Project("{9A19103F-16F7-4668-BE54-9A1E7A4F7556}") = "Wikipedia.Data", "Wikipedia.Data\Wikipedia.Data.csproj", "{CED440F5-671D-4660-9311-1E1CB924354F}"
EndProject
Project("{9A19103F-16F7-4668-BE54-9A1E7A4F7556}") = "Wikipedia.Models", "Wikipedia.Models\Wikipedia.Models.csproj", "{0CFCC2F4-F0B4-44D0-AD84-00285ADA9C04}"
EndProject
Project("{9A19103F-16F7-4668-BE54-9A1E7A4F7556}") = "Wikipedia.AppContracts", "Wikipedia.AppContracts\Wikipedia.AppContracts.csproj", "{7407D537-82FE-4178-A64B-8AB8E6FFA71A}"
EndProject
Project("{9A19103F-16F7-4668-BE54-9A1E7A4F7556}") = "Wikipedia.Helpers", "Wikipedia.Helpers\Wikipedia.Helpers.csproj", "{1F015AA7-533D-4E3F-8E8F-D6BE863C1300}"
EndProject
Project("{2150E333-8FDC-42A3-9474-1A3956D46DE8}") = "Tests", "Tests", "{87B4AC76-8BD7-4BD5-8178-B115C61E5236}"
EndProject
Project("{9A19103F-16F7-4668-BE54-9A1E7A4F7556}") = "Wikipedia.UnitTests", "Wikipedia.UnitTests\Wikipedia.UnitTests.csproj", "{E100F4A0-4675-44B1-8186-6AEED302972F}"
EndProject
Project("{9A19103F-16F7-4668-BE54-9A1E7A4F7556}") = "Wikipedia.IntegrationTests", "Wikipedia.IntegrationTests\Wikipedia.IntegrationTests.csproj", "{E329972F-69DF-4438-AA83-171F8D0D1D45}"
EndProject
Global
	GlobalSection(SolutionConfigurationPlatforms) = preSolution
		Debug|Any CPU = Debug|Any CPU
		Release|Any CPU = Release|Any CPU
	EndGlobalSection
	GlobalSection(ProjectConfigurationPlatforms) = postSolution
		{D0CC751A-80C4-4100-A205-677F534F9D1F}.Debug|Any CPU.ActiveCfg = Debug|Any CPU
		{D0CC751A-80C4-4100-A205-677F534F9D1F}.Debug|Any CPU.Build.0 = Debug|Any CPU
		{D0CC751A-80C4-4100-A205-677F534F9D1F}.Release|Any CPU.ActiveCfg = Release|Any CPU
		{D0CC751A-80C4-4100-A205-677F534F9D1F}.Release|Any CPU.Build.0 = Release|Any CPU
		{CED440F5-671D-4660-9311-1E1CB924354F}.Debug|Any CPU.ActiveCfg = Debug|Any CPU
		{CED440F5-671D-4660-9311-1E1CB924354F}.Debug|Any CPU.Build.0 = Debug|Any CPU
		{CED440F5-671D-4660-9311-1E1CB924354F}.Release|Any CPU.ActiveCfg = Release|Any CPU
		{CED440F5-671D-4660-9311-1E1CB924354F}.Release|Any CPU.Build.0 = Release|Any CPU
		{0CFCC2F4-F0B4-44D0-AD84-00285ADA9C04}.Debug|Any CPU.ActiveCfg = Debug|Any CPU
		{0CFCC2F4-F0B4-44D0-AD84-00285ADA9C04}.Debug|Any CPU.Build.0 = Debug|Any CPU
		{0CFCC2F4-F0B4-44D0-AD84-00285ADA9C04}.Release|Any CPU.ActiveCfg = Release|Any CPU
		{0CFCC2F4-F0B4-44D0-AD84-00285ADA9C04}.Release|Any CPU.Build.0 = Release|Any CPU
		{7407D537-82FE-4178-A64B-8AB8E6FFA71A}.Debug|Any CPU.ActiveCfg = Debug|Any CPU
		{7407D537-82FE-4178-A64B-8AB8E6FFA71A}.Debug|Any CPU.Build.0 = Debug|Any CPU
		{7407D537-82FE-4178-A64B-8AB8E6FFA71A}.Release|Any CPU.ActiveCfg = Release|Any CPU
		{7407D537-82FE-4178-A64B-8AB8E6FFA71A}.Release|Any CPU.Build.0 = Release|Any CPU
		{1F015AA7-533D-4E3F-8E8F-D6BE863C1300}.Debug|Any CPU.ActiveCfg = Debug|Any CPU
		{1F015AA7-533D-4E3F-8E8F-D6BE863C1300}.Debug|Any CPU.Build.0 = Debug|Any CPU
		{1F015AA7-533D-4E3F-8E8F-D6BE863C1300}.Release|Any CPU.ActiveCfg = Release|Any CPU
		{1F015AA7-533D-4E3F-8E8F-D6BE863C1300}.Release|Any CPU.Build.0 = Release|Any CPU
		{E100F4A0-4675-44B1-8186-6AEED302972F}.Debug|Any CPU.ActiveCfg = Debug|Any CPU
		{E100F4A0-4675-44B1-8186-6AEED302972F}.Debug|Any CPU.Build.0 = Debug|Any CPU
		{E100F4A0-4675-44B1-8186-6AEED302972F}.Release|Any CPU.ActiveCfg = Release|Any CPU
		{E100F4A0-4675-44B1-8186-6AEED302972F}.Release|Any CPU.Build.0 = Release|Any CPU
		{E329972F-69DF-4438-AA83-171F8D0D1D45}.Debug|Any CPU.ActiveCfg = Debug|Any CPU
		{E329972F-69DF-4438-AA83-171F8D0D1D45}.Debug|Any CPU.Build.0 = Debug|Any CPU
		{E329972F-69DF-4438-AA83-171F8D0D1D45}.Release|Any CPU.ActiveCfg = Release|Any CPU
		{E329972F-69DF-4438-AA83-171F8D0D1D45}.Release|Any CPU.Build.0 = Release|Any CPU
	EndGlobalSection
	GlobalSection(SolutionProperties) = preSolution
		HideSolutionNode = FALSE
	EndGlobalSection
	GlobalSection(NestedProjects) = preSolution
		{E100F4A0-4675-44B1-8186-6AEED302972F} = {87B4AC76-8BD7-4BD5-8178-B115C61E5236}
		{E329972F-69DF-4438-AA83-171F8D0D1D45} = {87B4AC76-8BD7-4BD5-8178-B115C61E5236}
	EndGlobalSection
	GlobalSection(ExtensibilityGlobals) = postSolution
		SolutionGuid = {C8103980-C5F1-456E-86C2-84E3C01F9F5A}
	EndGlobalSection
EndGlobal
