
Microsoft Visual Studio Solution File, Format Version 12.00
# Visual Studio 15
VisualStudioVersion = 15.0.28307.168
MinimumVisualStudioVersion = 10.0.40219.1
Project("{FAE04EC0-301F-11D3-BF4B-00C04F79EFBC}") = "BasicWorkflow", "BasicWorkflow\BasicWorkflow.csproj", "{CCCBBCDA-6F6C-4DE6-9857-B04A033F2296}"
EndProject
Project("{FAE04EC0-301F-11D3-BF4B-00C04F79EFBC}") = "ActivityDesignerLibrary1", "ActivityDesignerLibrary1\ActivityDesignerLibrary1.csproj", "{C7A5B6D0-7C28-401C-ABF4-D8B957BAB5F7}"
EndProject
Project("{FAE04EC0-301F-11D3-BF4B-00C04F79EFBC}") = "ActivityLibrary1", "ActivityLibrary1\ActivityLibrary1.csproj", "{39FC5219-AF2E-40AD-AF72-BBEC4528B083}"
EndProject
Project("{FAE04EC0-301F-11D3-BF4B-00C04F79EFBC}") = "LongRunningWorkflow", "LongRunningWorkflow\LongRunningWorkflow.csproj", "{ED67C0ED-4FA2-484B-845D-612964318793}"
EndProject
Global
	GlobalSection(SolutionConfigurationPlatforms) = preSolution
		Debug|Any CPU = Debug|Any CPU
		Debug|x86 = Debug|x86
		Release|Any CPU = Release|Any CPU
		Release|x86 = Release|x86
	EndGlobalSection
	GlobalSection(ProjectConfigurationPlatforms) = postSolution
		{CCCBBCDA-6F6C-4DE6-9857-B04A033F2296}.Debug|Any CPU.ActiveCfg = Debug|x86
		{CCCBBCDA-6F6C-4DE6-9857-B04A033F2296}.Debug|x86.ActiveCfg = Debug|x86
		{CCCBBCDA-6F6C-4DE6-9857-B04A033F2296}.Debug|x86.Build.0 = Debug|x86
		{CCCBBCDA-6F6C-4DE6-9857-B04A033F2296}.Release|Any CPU.ActiveCfg = Release|x86
		{CCCBBCDA-6F6C-4DE6-9857-B04A033F2296}.Release|x86.ActiveCfg = Release|x86
		{CCCBBCDA-6F6C-4DE6-9857-B04A033F2296}.Release|x86.Build.0 = Release|x86
		{C7A5B6D0-7C28-401C-ABF4-D8B957BAB5F7}.Debug|Any CPU.ActiveCfg = Debug|Any CPU
		{C7A5B6D0-7C28-401C-ABF4-D8B957BAB5F7}.Debug|Any CPU.Build.0 = Debug|Any CPU
		{C7A5B6D0-7C28-401C-ABF4-D8B957BAB5F7}.Debug|x86.ActiveCfg = Debug|Any CPU
		{C7A5B6D0-7C28-401C-ABF4-D8B957BAB5F7}.Debug|x86.Build.0 = Debug|Any CPU
		{C7A5B6D0-7C28-401C-ABF4-D8B957BAB5F7}.Release|Any CPU.ActiveCfg = Release|Any CPU
		{C7A5B6D0-7C28-401C-ABF4-D8B957BAB5F7}.Release|Any CPU.Build.0 = Release|Any CPU
		{C7A5B6D0-7C28-401C-ABF4-D8B957BAB5F7}.Release|x86.ActiveCfg = Release|Any CPU
		{C7A5B6D0-7C28-401C-ABF4-D8B957BAB5F7}.Release|x86.Build.0 = Release|Any CPU
		{39FC5219-AF2E-40AD-AF72-BBEC4528B083}.Debug|Any CPU.ActiveCfg = Debug|Any CPU
		{39FC5219-AF2E-40AD-AF72-BBEC4528B083}.Debug|Any CPU.Build.0 = Debug|Any CPU
		{39FC5219-AF2E-40AD-AF72-BBEC4528B083}.Debug|x86.ActiveCfg = Debug|Any CPU
		{39FC5219-AF2E-40AD-AF72-BBEC4528B083}.Debug|x86.Build.0 = Debug|Any CPU
		{39FC5219-AF2E-40AD-AF72-BBEC4528B083}.Release|Any CPU.ActiveCfg = Release|Any CPU
		{39FC5219-AF2E-40AD-AF72-BBEC4528B083}.Release|Any CPU.Build.0 = Release|Any CPU
		{39FC5219-AF2E-40AD-AF72-BBEC4528B083}.Release|x86.ActiveCfg = Release|Any CPU
		{39FC5219-AF2E-40AD-AF72-BBEC4528B083}.Release|x86.Build.0 = Release|Any CPU
		{ED67C0ED-4FA2-484B-845D-612964318793}.Debug|Any CPU.ActiveCfg = Debug|Any CPU
		{ED67C0ED-4FA2-484B-845D-612964318793}.Debug|Any CPU.Build.0 = Debug|Any CPU
		{ED67C0ED-4FA2-484B-845D-612964318793}.Debug|x86.ActiveCfg = Debug|Any CPU
		{ED67C0ED-4FA2-484B-845D-612964318793}.Debug|x86.Build.0 = Debug|Any CPU
		{ED67C0ED-4FA2-484B-845D-612964318793}.Release|Any CPU.ActiveCfg = Release|Any CPU
		{ED67C0ED-4FA2-484B-845D-612964318793}.Release|Any CPU.Build.0 = Release|Any CPU
		{ED67C0ED-4FA2-484B-845D-612964318793}.Release|x86.ActiveCfg = Release|Any CPU
		{ED67C0ED-4FA2-484B-845D-612964318793}.Release|x86.Build.0 = Release|Any CPU
	EndGlobalSection
	GlobalSection(SolutionProperties) = preSolution
		HideSolutionNode = FALSE
	EndGlobalSection
	GlobalSection(ExtensibilityGlobals) = postSolution
		SolutionGuid = {227B723C-62DB-4D15-8522-5C044E89A64D}
	EndGlobalSection
EndGlobal
